
Microsoft Visual Studio Solution File, Format Version 12.00
# Visual Studio Version 16
VisualStudioVersion = 16.0.31729.503
MinimumVisualStudioVersion = 10.0.40219.1
Project("{FAE04EC0-301F-11D3-BF4B-00C04F79EFBC}") = "HomeWork_8", "HomeWork_8\HomeWork_8.csproj", "{2D96BC7D-C77D-4CF7-8EEC-AABB3C515A76}"
EndProject
Global
	GlobalSection(SolutionConfigurationPlatforms) = preSolution
		Debug|Any CPU = Debug|Any CPU
		Release|Any CPU = Release|Any CPU
	EndGlobalSection
	GlobalSection(ProjectConfigurationPlatforms) = postSolution
		{2D96BC7D-C77D-4CF7-8EEC-AABB3C515A76}.Debug|Any CPU.ActiveCfg = Debug|Any CPU
		{2D96BC7D-C77D-4CF7-8EEC-AABB3C515A76}.Debug|Any CPU.Build.0 = Debug|Any CPU
		{2D96BC7D-C77D-4CF7-8EEC-AABB3C515A76}.Release|Any CPU.ActiveCfg = Release|Any CPU
		{2D96BC7D-C77D-4CF7-8EEC-AABB3C515A76}.Release|Any CPU.Build.0 = Release|Any CPU
	EndGlobalSection
	GlobalSection(SolutionProperties) = preSolution
		HideSolutionNode = FALSE
	EndGlobalSection
	GlobalSection(ExtensibilityGlobals) = postSolution
		SolutionGuid = {BAB52077-34DE-46E6-B032-7BE7B19F5DF4}
	EndGlobalSection
EndGlobal
